{
  "version": 4,
  "terraform_version": "1.2.7",
  "serial": 15,
  "lineage": "332b0b12-0420-31aa-79a3-ed7879bd1375",
  "outputs": {
    "BASTION_IP": {
      "value": "3.145.155.68",
      "type": "string"
    },
    "NAMESERVERS": {
      "value": [
        "ns-1465.awsdns-55.org",
        "ns-1782.awsdns-30.co.uk",
        "ns-496.awsdns-62.com",
        "ns-884.awsdns-46.net"
      ],
      "type": [
        "list",
        "string"
      ]
    },
    "RDS_ENDPOINT": {
      "value": "terraform-20220907181131460500000009.cy2ccq4ewkl3.us-east-2.rds.amazonaws.com:3306",
      "type": "string"
    }
  },
  "resources": [
    {
      "mode": "data",
      "type": "aws_eks_cluster",
      "name": "cluster",
      "provider": "provider[\"registry.terraform.io/hashicorp/aws\"]",
      "instances": [
        {
          "schema_version": 0,
          "attributes": {
            "arn": "arn:aws:eks:us-east-2:247715616872:cluster/shopping",
            "certificate_authority": [
              {
                "data": "LS0tLS1CRUdJTiBDRVJUSUZJQ0FURS0tLS0tCk1JSUMvakNDQWVhZ0F3SUJBZ0lCQURBTkJna3Foa2lHOXcwQkFRc0ZBREFWTVJNd0VRWURWUVFERXdwcmRXSmwKY201bGRHVnpNQjRYRFRJeU1Ea3dOekU0TVRZMU5Gb1hEVE15TURrd05ERTRNVFkxTkZvd0ZURVRNQkVHQTFVRQpBeE1LYTNWaVpYSnVaWFJsY3pDQ0FTSXdEUVlKS29aSWh2Y05BUUVCQlFBRGdnRVBBRENDQVFvQ2dnRUJBS2UyCjlPeFo1Mm8vTnJkMHVSSy9RQVhWYXhNVG9la3VWQVIwNDVObmJiOWpqRVU0aXYyUEhMQ0F5MjNLWm9rZzR4SFgKeTlRNjBtdDV2b1I5dzY4emlYTzd0YVpWZWU4aldRUWQyLzFjaU80R1IvbGlUdlhYNDhoUzNtL0tkaDZJTWZJVwpVeG4zajVyZlhZSmRCZXN2VHM0YWtFOWlZT1pvRC8vWmxTRWZsYmNBM2ZGVHkra0tDdWxORENiOTljUUFVR1k0CnZ2eFA3ZUZRRVpOamR4N3RvbFhQOFAyd1B6VnVDMjh1QjdWTjFYWDRkS1ZPbUdrSVVleTFaNy9iUE9aVWcxRlIKdWlWUXRFOEt4Nnd6LzQycmlySFdPSy9wbDlsSzJwT3dYWFZZa1kyTmV1djVhR3RsbHl6TTVER1pTRHR3ci9EUQpqOXJObnBaZWJDU1R4cDhoNis4Q0F3RUFBYU5aTUZjd0RnWURWUjBQQVFIL0JBUURBZ0trTUE4R0ExVWRFd0VCCi93UUZNQU1CQWY4d0hRWURWUjBPQkJZRUZQUS9HM1JhblE4c21VMzRLbUJQekxrNzdwYkRNQlVHQTFVZEVRUU8KTUF5Q0NtdDFZbVZ5Ym1WMFpYTXdEUVlKS29aSWh2Y05BUUVMQlFBRGdnRUJBRm04d0RXZjQ5emxWWUlMZEFOQwpWYTY3Z0NHZUc2dGl5OVRSenJObXo1TFJhb2VDUlNqVHFjd3NuMkJnQlpuUkhXdStMaGE3OEZZbU9EV0NFNENzCmxUWlpFZXoxcDF4ZS9YRmpmRURzeHF6SHFRaDlZNlhKNHc1NXc4ODZCZmtLa2dweVI4VlRzb0dmNkZZV1J6cVQKNXBMaWhGL2M0eWhwQW1RenFUU3NUWGZjZWZJTGtQLzNDQi9vcndIREwzdTJMK0VqMmM0TnNINUp0VitpZ25VaApvMjlVc1BCM1hGQkxXWUNRREd6c1hBSElLTnpPVUFPNzBMNnZvbGZJY3RXTUtvZXJLZk05U0JCd0J3VTlzdmpRCnhBS1lhYlRvSy9FZGxKbzhYY0hWaUVtRHRoMGJ3NnIrSlpzTjN1WnNpT1VEaVVLZVZJMS9aOHJvdHhxdUlwSk8KaW9ZPQotLS0tLUVORCBDRVJUSUZJQ0FURS0tLS0tCg=="
              }
            ],
            "created_at": "2022-09-07 18:11:26.75 +0000 UTC",
            "enabled_cluster_log_types": [],
            "endpoint": "https://4A498A13B59A8E669531F49E3D2AF69F.sk1.us-east-2.eks.amazonaws.com",
            "id": "shopping",
            "identity": [
              {
                "oidc": [
                  {
                    "issuer": "https://oidc.eks.us-east-2.amazonaws.com/id/4A498A13B59A8E669531F49E3D2AF69F"
                  }
                ]
              }
            ],
            "kubernetes_network_config": [
              {
                "ip_family": "ipv4",
                "service_ipv4_cidr": "172.20.0.0/16"
              }
            ],
            "name": "shopping",
            "platform_version": "eks.5",
            "role_arn": "arn:aws:iam::247715616872:role/eksClusterRole",
            "status": "ACTIVE",
            "tags": {
              "Name": "shopping"
            },
            "version": "1.22",
            "vpc_config": [
              {
                "cluster_security_group_id": "sg-04cf706fc02eca96d",
                "endpoint_private_access": false,
                "endpoint_public_access": true,
                "public_access_cidrs": [
                  "0.0.0.0/0"
                ],
                "security_group_ids": [
                  "sg-0c3492c304d49c28f"
                ],
                "subnet_ids": [
                  "subnet-036f8f713fee5e8cc",
                  "subnet-0eda95abce8f1e4b9"
                ],
                "vpc_id": "vpc-0817800086e49b4b4"
              }
            ]
          },
          "sensitive_attributes": []
        }
      ]
    },
    {
      "mode": "data",
      "type": "aws_eks_cluster_auth",
      "name": "cluster",
      "provider": "provider[\"registry.terraform.io/hashicorp/aws\"]",
      "instances": [
        {
          "schema_version": 0,
          "attributes": {
            "id": "shopping",
            "name": "shopping",
            "token": "k8s-aws-v1.aHR0cHM6Ly9zdHMuYW1hem9uYXdzLmNvbS8_QWN0aW9uPUdldENhbGxlcklkZW50aXR5JlZlcnNpb249MjAxMS0wNi0xNSZYLUFtei1BbGdvcml0aG09QVdTNC1ITUFDLVNIQTI1NiZYLUFtei1DcmVkZW50aWFsPUFLSUFUVExJQUxCVUVHM1U1RkVZJTJGMjAyMjA5MDclMkZ1cy1lYXN0LTElMkZzdHMlMkZhd3M0X3JlcXVlc3QmWC1BbXotRGF0ZT0yMDIyMDkwN1QxODIwMzFaJlgtQW16LUV4cGlyZXM9MCZYLUFtei1TaWduZWRIZWFkZXJzPWhvc3QlM0J4LWs4cy1hd3MtaWQmWC1BbXotU2lnbmF0dXJlPTViM2EyODAzMjk2ZGU1MjU4Yjg5N2IyYjIzNDc0M2I3YjViNGUyNTVlMGZiZWNiZDdlMTg4MTBhNjM2MzQ3YTk"
          },
          "sensitive_attributes": []
        }
      ]
    },
    {
      "module": "module.k8s",
      "mode": "managed",
      "type": "kubernetes_cluster_role",
      "name": "external_dns",
      "provider": "provider[\"registry.terraform.io/hashicorp/kubernetes\"]",
      "instances": [
        {
          "schema_version": 0,
          "attributes": {
            "aggregation_rule": [],
            "id": "external-dns",
            "metadata": [
              {
                "annotations": null,
                "generation": 0,
                "labels": null,
                "name": "external-dns",
                "resource_version": "907",
                "uid": "746d2e54-e654-479b-825c-9f2769758ace"
              }
            ],
            "rule": [
              {
                "api_groups": [
                  ""
                ],
                "non_resource_urls": null,
                "resource_names": null,
                "resources": [
                  "services",
                  "endpoints",
                  "pods"
                ],
                "verbs": [
                  "get",
                  "watch",
                  "list"
                ]
              },
              {
                "api_groups": [
                  "extensions",
                  "networking.k8s.io"
                ],
                "non_resource_urls": null,
                "resource_names": null,
                "resources": [
                  "ingresses"
                ],
                "verbs": [
                  "get",
                  "list",
                  "watch"
                ]
              },
              {
                "api_groups": [
                  ""
                ],
                "non_resource_urls": null,
                "resource_names": null,
                "resources": [
                  "nodes"
                ],
                "verbs": [
                  "list",
                  "watch"
                ]
              }
            ]
          },
          "sensitive_attributes": [],
          "private": "bnVsbA==",
          "dependencies": [
            "data.aws_eks_cluster.cluster",
            "data.aws_eks_cluster_auth.cluster",
            "module.network.aws_security_group.security_group",
            "module.network.aws_subnet.public_subnet_1",
            "module.network.aws_subnet.public_subnet_2",
            "module.network.aws_vpc.main",
            "module.server.aws_eks_cluster.cluster",
            "module.server.aws_iam_role.cluster_role",
            "module.server.aws_iam_role_policy_attachment.clutser_role_attach_controller",
            "module.server.aws_iam_role_policy_attachment.clutser_role_attach_policy"
          ]
        }
      ]
    },
    {
      "module": "module.k8s",
      "mode": "managed",
      "type": "kubernetes_cluster_role_binding",
      "name": "external_dns",
      "provider": "provider[\"registry.terraform.io/hashicorp/kubernetes\"]",
      "instances": [
        {
          "schema_version": 0,
          "attributes": {
            "id": "external-dns",
            "metadata": [
              {
                "annotations": null,
                "generation": 0,
                "labels": null,
                "name": "external-dns",
                "resource_version": "906",
                "uid": "69106aa4-a806-4e0d-a6bb-316e37a8c69c"
              }
            ],
            "role_ref": [
              {
                "api_group": "rbac.authorization.k8s.io",
                "kind": "ClusterRole",
                "name": "external-dns"
              }
            ],
            "subject": [
              {
                "api_group": "",
                "kind": "ServiceAccount",
                "name": "external-dns",
                "namespace": "default"
              }
            ]
          },
          "sensitive_attributes": [],
          "private": "bnVsbA==",
          "dependencies": [
            "data.aws_eks_cluster.cluster",
            "data.aws_eks_cluster_auth.cluster",
            "module.network.aws_security_group.security_group",
            "module.network.aws_subnet.public_subnet_1",
            "module.network.aws_subnet.public_subnet_2",
            "module.network.aws_vpc.main",
            "module.server.aws_eks_cluster.cluster",
            "module.server.aws_iam_role.cluster_role",
            "module.server.aws_iam_role_policy_attachment.clutser_role_attach_controller",
            "module.server.aws_iam_role_policy_attachment.clutser_role_attach_policy"
          ]
        }
      ]
    },
    {
      "module": "module.k8s",
      "mode": "managed",
      "type": "kubernetes_deployment",
      "name": "external_dns",
      "provider": "provider[\"registry.terraform.io/hashicorp/kubernetes\"]",
      "instances": [
        {
          "schema_version": 1,
          "attributes": {
            "id": "default/external-dns",
            "metadata": [
              {
                "annotations": {
                  "author": "Mahmoud Abd Alziem"
                },
                "generate_name": "",
                "generation": 1,
                "labels": null,
                "name": "external-dns",
                "namespace": "default",
                "resource_version": "1325",
                "uid": "77b61fcf-c235-4c61-9242-5dd2bfd66d5e"
              }
            ],
            "spec": [
              {
                "min_ready_seconds": 0,
                "paused": false,
                "progress_deadline_seconds": 600,
                "replicas": "1",
                "revision_history_limit": 10,
                "selector": [
                  {
                    "match_expressions": [],
                    "match_labels": {
                      "app": "external-dns"
                    }
                  }
                ],
                "strategy": [
                  {
                    "rolling_update": [],
                    "type": "Recreate"
                  }
                ],
                "template": [
                  {
                    "metadata": [
                      {
                        "annotations": null,
                        "generate_name": "",
                        "generation": 0,
                        "labels": {
                          "app": "external-dns"
                        },
                        "name": "",
                        "namespace": "",
                        "resource_version": "",
                        "uid": ""
                      }
                    ],
                    "spec": [
                      {
                        "active_deadline_seconds": 0,
                        "affinity": [],
                        "automount_service_account_token": true,
                        "container": [
                          {
                            "args": [
                              "--source=service",
                              "--source=ingress",
                              "--domain-filter=azima.website",
                              "--provider=aws",
                              "--policy=upsert-only",
                              "--aws-zone-type=public",
                              "--registry=txt",
                              "--txt-owner-id=Z006629129KPYZZ638F8Q"
                            ],
                            "command": null,
                            "env": [],
                            "env_from": [],
                            "image": "k8s.gcr.io/external-dns/external-dns:v0.12.0",
                            "image_pull_policy": "IfNotPresent",
                            "lifecycle": [],
                            "liveness_probe": [],
                            "name": "external-dns",
                            "port": [],
                            "readiness_probe": [],
                            "resources": [
                              {
                                "limits": null,
                                "requests": null
                              }
                            ],
                            "security_context": [],
                            "startup_probe": [],
                            "stdin": false,
                            "stdin_once": false,
                            "termination_message_path": "/dev/termination-log",
                            "termination_message_policy": "File",
                            "tty": false,
                            "volume_mount": [],
                            "working_dir": ""
                          }
                        ],
                        "dns_config": [],
                        "dns_policy": "ClusterFirst",
                        "enable_service_links": true,
                        "host_aliases": [],
                        "host_ipc": false,
                        "host_network": false,
                        "host_pid": false,
                        "hostname": "",
                        "image_pull_secrets": [],
                        "init_container": [],
                        "node_name": "",
                        "node_selector": null,
                        "priority_class_name": "",
                        "readiness_gate": [],
                        "restart_policy": "Always",
                        "security_context": [
                          {
                            "fs_group": "65534",
                            "run_as_group": "",
                            "run_as_non_root": false,
                            "run_as_user": "",
                            "se_linux_options": [],
                            "seccomp_profile": [],
                            "supplemental_groups": null,
                            "sysctl": []
                          }
                        ],
                        "service_account_name": "external-dns",
                        "share_process_namespace": false,
                        "subdomain": "",
                        "termination_grace_period_seconds": 30,
                        "toleration": [],
                        "topology_spread_constraint": [],
                        "volume": []
                      }
                    ]
                  }
                ]
              }
            ],
            "timeouts": null,
            "wait_for_rollout": true
          },
          "sensitive_attributes": [],
          "private": "eyJlMmJmYjczMC1lY2FhLTExZTYtOGY4OC0zNDM2M2JjN2M0YzAiOnsiY3JlYXRlIjo2MDAwMDAwMDAwMDAsImRlbGV0ZSI6NjAwMDAwMDAwMDAwLCJ1cGRhdGUiOjYwMDAwMDAwMDAwMH0sInNjaGVtYV92ZXJzaW9uIjoiMSJ9",
          "dependencies": [
            "data.aws_eks_cluster.cluster",
            "data.aws_eks_cluster_auth.cluster",
            "module.k8s.kubernetes_service_account.external_dns",
            "module.network.aws_security_group.security_group",
            "module.network.aws_subnet.public_subnet_1",
            "module.network.aws_subnet.public_subnet_2",
            "module.network.aws_vpc.main",
            "module.server.aws_eks_cluster.cluster",
            "module.server.aws_iam_openid_connect_provider.eks_identity_provider",
            "module.server.aws_iam_role.cluster_role",
            "module.server.aws_iam_role.external_role",
            "module.server.aws_iam_role_policy_attachment.clutser_role_attach_controller",
            "module.server.aws_iam_role_policy_attachment.clutser_role_attach_policy",
            "module.server.aws_route53_zone.route53",
            "module.server.data.aws_iam_policy_document.external_assume_role_policy"
          ]
        }
      ]
    },
    {
      "module": "module.k8s",
      "mode": "managed",
      "type": "kubernetes_service_account",
      "name": "external_dns",
      "provider": "provider[\"registry.terraform.io/hashicorp/kubernetes\"]",
      "instances": [
        {
          "schema_version": 0,
          "attributes": {
            "automount_service_account_token": true,
            "default_secret_name": "external-dns-token-lzvm4",
            "id": "default/external-dns",
            "image_pull_secret": [],
            "metadata": [
              {
                "annotations": {
                  "eks.amazonaws.com/role-arn": "arn:aws:iam::247715616872:role/eksExternalRole"
                },
                "generate_name": "",
                "generation": 0,
                "labels": null,
                "name": "external-dns",
                "namespace": "default",
                "resource_version": "918",
                "uid": "1eb094a0-41f7-416d-a2da-eff7d7e1a68b"
              }
            ],
            "secret": [],
            "timeouts": null
          },
          "sensitive_attributes": [],
          "private": "eyJlMmJmYjczMC1lY2FhLTExZTYtOGY4OC0zNDM2M2JjN2M0YzAiOnsiY3JlYXRlIjozMDAwMDAwMDAwMH19",
          "dependencies": [
            "data.aws_eks_cluster.cluster",
            "data.aws_eks_cluster_auth.cluster",
            "module.network.aws_security_group.security_group",
            "module.network.aws_subnet.public_subnet_1",
            "module.network.aws_subnet.public_subnet_2",
            "module.network.aws_vpc.main",
            "module.server.aws_eks_cluster.cluster",
            "module.server.aws_iam_openid_connect_provider.eks_identity_provider",
            "module.server.aws_iam_role.cluster_role",
            "module.server.aws_iam_role.external_role",
            "module.server.aws_iam_role_policy_attachment.clutser_role_attach_controller",
            "module.server.aws_iam_role_policy_attachment.clutser_role_attach_policy",
            "module.server.data.aws_iam_policy_document.external_assume_role_policy"
          ]
        }
      ]
    },
    {
      "module": "module.microservice",
      "mode": "managed",
      "type": "aws_db_instance",
      "name": "rds",
      "provider": "provider[\"registry.terraform.io/hashicorp/aws\"]",
      "instances": [
        {
          "schema_version": 1,
          "attributes": {
            "address": "terraform-20220907181131460500000009.cy2ccq4ewkl3.us-east-2.rds.amazonaws.com",
            "allocated_storage": 8,
            "allow_major_version_upgrade": null,
            "apply_immediately": null,
            "arn": "arn:aws:rds:us-east-2:247715616872:db:terraform-20220907181131460500000009",
            "auto_minor_version_upgrade": true,
            "availability_zone": "us-east-2b",
            "backup_retention_period": 0,
            "backup_window": "06:25-06:55",
            "ca_cert_identifier": "rds-ca-2019",
            "character_set_name": "",
            "copy_tags_to_snapshot": false,
            "customer_owned_ip_enabled": false,
            "db_name": "shopping",
            "db_subnet_group_name": "shopping",
            "delete_automated_backups": true,
            "deletion_protection": false,
            "domain": "",
            "domain_iam_role_name": "",
            "enabled_cloudwatch_logs_exports": null,
            "endpoint": "terraform-20220907181131460500000009.cy2ccq4ewkl3.us-east-2.rds.amazonaws.com:3306",
            "engine": "mysql",
            "engine_version": "8.0.28",
            "engine_version_actual": "8.0.28",
            "final_snapshot_identifier": null,
            "hosted_zone_id": "Z2XHWR1WZ565X2",
            "iam_database_authentication_enabled": false,
            "id": "terraform-20220907181131460500000009",
            "identifier": "terraform-20220907181131460500000009",
            "identifier_prefix": "terraform-",
            "instance_class": "db.t2.micro",
            "iops": 0,
            "kms_key_id": "",
            "latest_restorable_time": "0001-01-01T00:00:00Z",
            "license_model": "general-public-license",
            "maintenance_window": "sat:07:55-sat:08:25",
            "max_allocated_storage": 0,
            "monitoring_interval": 0,
            "monitoring_role_arn": "",
            "multi_az": false,
            "name": "shopping",
            "nchar_character_set_name": "",
            "option_group_name": "default:mysql-8-0",
            "parameter_group_name": "default.mysql8.0",
            "password": "azima1234",
            "performance_insights_enabled": false,
            "performance_insights_kms_key_id": "",
            "performance_insights_retention_period": 0,
            "port": 3306,
            "publicly_accessible": false,
            "replica_mode": "",
            "replicas": [],
            "replicate_source_db": "",
            "resource_id": "db-GC3QKDANXHYJNIIXNEXIXTKINE",
            "restore_to_point_in_time": [],
            "s3_import": [],
            "security_group_names": null,
            "skip_final_snapshot": true,
            "snapshot_identifier": null,
            "status": "available",
            "storage_encrypted": false,
            "storage_type": "gp2",
            "tags": null,
            "tags_all": {},
            "timeouts": null,
            "timezone": "",
            "username": "admin",
            "vpc_security_group_ids": [
              "sg-0c3492c304d49c28f"
            ]
          },
          "sensitive_attributes": [],
          "private": "eyJlMmJmYjczMC1lY2FhLTExZTYtOGY4OC0zNDM2M2JjN2M0YzAiOnsiY3JlYXRlIjoyNDAwMDAwMDAwMDAwLCJkZWxldGUiOjM2MDAwMDAwMDAwMDAsInVwZGF0ZSI6NDgwMDAwMDAwMDAwMH0sInNjaGVtYV92ZXJzaW9uIjoiMSJ9",
          "dependencies": [
            "module.microservice.aws_db_subnet_group.subnet_rds_group",
            "module.network.aws_security_group.security_group",
            "module.network.aws_subnet.private_subnet_1",
            "module.network.aws_subnet.private_subnet_2",
            "module.network.aws_vpc.main"
          ]
        }
      ]
    },
    {
      "module": "module.microservice",
      "mode": "managed",
      "type": "aws_db_subnet_group",
      "name": "subnet_rds_group",
      "provider": "provider[\"registry.terraform.io/hashicorp/aws\"]",
      "instances": [
        {
          "schema_version": 0,
          "attributes": {
            "arn": "arn:aws:rds:us-east-2:247715616872:subgrp:shopping",
            "description": "Managed by Terraform",
            "id": "shopping",
            "name": "shopping",
            "name_prefix": null,
            "subnet_ids": [
              "subnet-03d43901146d11fe1",
              "subnet-0c7430a9a0e13678a"
            ],
            "tags": {
              "Name": "shopping"
            },
            "tags_all": {
              "Name": "shopping"
            }
          },
          "sensitive_attributes": [],
          "private": "bnVsbA==",
          "dependencies": [
            "module.network.aws_subnet.private_subnet_1",
            "module.network.aws_subnet.private_subnet_2",
            "module.network.aws_vpc.main"
          ]
        }
      ]
    },
    {
      "module": "module.microservice",
      "mode": "managed",
      "type": "aws_elasticache_cluster",
      "name": "elasticcache",
      "provider": "provider[\"registry.terraform.io/hashicorp/aws\"]",
      "instances": []
    },
    {
      "module": "module.microservice",
      "mode": "managed",
      "type": "aws_elasticache_replication_group",
      "name": "replaction_redis",
      "provider": "provider[\"registry.terraform.io/hashicorp/aws\"]",
      "instances": []
    },
    {
      "module": "module.microservice",
      "mode": "managed",
      "type": "aws_msk_cluster",
      "name": "kafka",
      "provider": "provider[\"registry.terraform.io/hashicorp/aws\"]",
      "instances": [
        {
          "status": "tainted",
          "schema_version": 0,
          "attributes": {
            "arn": null,
            "bootstrap_brokers": null,
            "bootstrap_brokers_public_sasl_iam": null,
            "bootstrap_brokers_public_sasl_scram": null,
            "bootstrap_brokers_public_tls": null,
            "bootstrap_brokers_sasl_iam": null,
            "bootstrap_brokers_sasl_scram": null,
            "bootstrap_brokers_tls": null,
            "broker_node_group_info": [
              {
                "az_distribution": "DEFAULT",
                "client_subnets": [
                  "subnet-03d43901146d11fe1",
                  "subnet-0c7430a9a0e13678a"
                ],
                "connectivity_info": [],
                "ebs_volume_size": 0,
                "instance_type": "kafka.t3.small",
                "security_groups": [
                  "sg-0c3492c304d49c28f"
                ],
                "storage_info": [
                  {
                    "ebs_storage_info": [
                      {
                        "provisioned_throughput": [],
                        "volume_size": 8
                      }
                    ]
                  }
                ]
              }
            ],
            "client_authentication": [],
            "cluster_name": "shopping",
            "configuration_info": [],
            "current_version": null,
            "encryption_info": [],
            "enhanced_monitoring": "DEFAULT",
            "id": "arn:aws:kafka:us-east-2:247715616872:cluster/shopping/2f41f308-538d-40a7-8a6c-6f703325795c-6",
            "kafka_version": "2.6.2",
            "logging_info": [],
            "number_of_broker_nodes": 2,
            "open_monitoring": [],
            "tags": {
              "Name": "shopping"
            },
            "tags_all": {
              "Name": "shopping"
            },
            "timeouts": null,
            "zookeeper_connect_string": null,
            "zookeeper_connect_string_tls": null
          },
          "sensitive_attributes": [],
          "private": "eyJlMmJmYjczMC1lY2FhLTExZTYtOGY4OC0zNDM2M2JjN2M0YzAiOnsiY3JlYXRlIjo3MjAwMDAwMDAwMDAwLCJkZWxldGUiOjcyMDAwMDAwMDAwMDAsInVwZGF0ZSI6NzIwMDAwMDAwMDAwMH19",
          "dependencies": [
            "module.network.aws_security_group.security_group",
            "module.network.aws_subnet.private_subnet_1",
            "module.network.aws_subnet.private_subnet_2",
            "module.network.aws_vpc.main"
          ]
        }
      ]
    },
    {
      "module": "module.network",
      "mode": "managed",
      "type": "aws_eip",
      "name": "eip",
      "provider": "provider[\"registry.terraform.io/hashicorp/aws\"]",
      "instances": [
        {
          "schema_version": 0,
          "attributes": {
            "address": null,
            "allocation_id": "eipalloc-0c914bc38f6f51b81",
            "associate_with_private_ip": null,
            "association_id": "",
            "carrier_ip": "",
            "customer_owned_ip": "",
            "customer_owned_ipv4_pool": "",
            "domain": "vpc",
            "id": "eipalloc-0c914bc38f6f51b81",
            "instance": "",
            "network_border_group": "us-east-2",
            "network_interface": "",
            "private_dns": null,
            "private_ip": "",
            "public_dns": "ec2-18-191-96-41.us-east-2.compute.amazonaws.com",
            "public_ip": "18.191.96.41",
            "public_ipv4_pool": "amazon",
            "tags": {
              "Name": "shopping"
            },
            "tags_all": {
              "Name": "shopping"
            },
            "timeouts": null,
            "vpc": true
          },
          "sensitive_attributes": [],
          "private": "eyJlMmJmYjczMC1lY2FhLTExZTYtOGY4OC0zNDM2M2JjN2M0YzAiOnsiZGVsZXRlIjoxODAwMDAwMDAwMDAsInJlYWQiOjkwMDAwMDAwMDAwMCwidXBkYXRlIjozMDAwMDAwMDAwMDB9fQ=="
        }
      ]
    },
    {
      "module": "module.network",
      "mode": "managed",
      "type": "aws_internet_gateway",
      "name": "igw",
      "provider": "provider[\"registry.terraform.io/hashicorp/aws\"]",
      "instances": [
        {
          "schema_version": 0,
          "attributes": {
            "arn": "arn:aws:ec2:us-east-2:247715616872:internet-gateway/igw-0c4685fe3d2cce93b",
            "id": "igw-0c4685fe3d2cce93b",
            "owner_id": "247715616872",
            "tags": {
              "Name": "shopping"
            },
            "tags_all": {
              "Name": "shopping"
            },
            "timeouts": null,
            "vpc_id": "vpc-0817800086e49b4b4"
          },
          "sensitive_attributes": [],
          "private": "eyJlMmJmYjczMC1lY2FhLTExZTYtOGY4OC0zNDM2M2JjN2M0YzAiOnsiY3JlYXRlIjoxMjAwMDAwMDAwMDAwLCJkZWxldGUiOjEyMDAwMDAwMDAwMDAsInVwZGF0ZSI6MTIwMDAwMDAwMDAwMH19",
          "dependencies": [
            "module.network.aws_vpc.main"
          ]
        }
      ]
    },
    {
      "module": "module.network",
      "mode": "managed",
      "type": "aws_nat_gateway",
      "name": "nat_gateway",
      "provider": "provider[\"registry.terraform.io/hashicorp/aws\"]",
      "instances": [
        {
          "schema_version": 0,
          "attributes": {
            "allocation_id": "eipalloc-0c914bc38f6f51b81",
            "connectivity_type": "public",
            "id": "nat-0bdc3632bcaad7f27",
            "network_interface_id": "eni-083f1a19c570a1e78",
            "private_ip": "10.0.1.38",
            "public_ip": "18.191.96.41",
            "subnet_id": "subnet-036f8f713fee5e8cc",
            "tags": {
              "Name": "shopping"
            },
            "tags_all": {
              "Name": "shopping"
            }
          },
          "sensitive_attributes": [],
          "private": "bnVsbA==",
          "dependencies": [
            "module.network.aws_eip.eip",
            "module.network.aws_subnet.public_subnet_1"
          ]
        }
      ]
    },
    {
      "module": "module.network",
      "mode": "managed",
      "type": "aws_route",
      "name": "route_private",
      "provider": "provider[\"registry.terraform.io/hashicorp/aws\"]",
      "instances": [
        {
          "schema_version": 0,
          "attributes": {
            "carrier_gateway_id": "",
            "core_network_arn": "",
            "destination_cidr_block": "0.0.0.0/0",
            "destination_ipv6_cidr_block": "",
            "destination_prefix_list_id": "",
            "egress_only_gateway_id": "",
            "gateway_id": "",
            "id": "r-rtb-02e79689586ee094c1080289494",
            "instance_id": "",
            "instance_owner_id": "",
            "local_gateway_id": "",
            "nat_gateway_id": "nat-0bdc3632bcaad7f27",
            "network_interface_id": "",
            "origin": "CreateRoute",
            "route_table_id": "rtb-02e79689586ee094c",
            "state": "active",
            "timeouts": null,
            "transit_gateway_id": "",
            "vpc_endpoint_id": "",
            "vpc_peering_connection_id": ""
          },
          "sensitive_attributes": [],
          "private": "eyJlMmJmYjczMC1lY2FhLTExZTYtOGY4OC0zNDM2M2JjN2M0YzAiOnsiY3JlYXRlIjozMDAwMDAwMDAwMDAsImRlbGV0ZSI6MzAwMDAwMDAwMDAwLCJ1cGRhdGUiOjEyMDAwMDAwMDAwMH19",
          "dependencies": [
            "module.network.aws_eip.eip",
            "module.network.aws_nat_gateway.nat_gateway",
            "module.network.aws_route_table.route_table_private",
            "module.network.aws_subnet.public_subnet_1",
            "module.network.aws_vpc.main"
          ]
        }
      ]
    },
    {
      "module": "module.network",
      "mode": "managed",
      "type": "aws_route",
      "name": "route_public",
      "provider": "provider[\"registry.terraform.io/hashicorp/aws\"]",
      "instances": [
        {
          "schema_version": 0,
          "attributes": {
            "carrier_gateway_id": "",
            "core_network_arn": "",
            "destination_cidr_block": "0.0.0.0/0",
            "destination_ipv6_cidr_block": "",
            "destination_prefix_list_id": "",
            "egress_only_gateway_id": "",
            "gateway_id": "igw-0c4685fe3d2cce93b",
            "id": "r-rtb-090c8cd687e207c151080289494",
            "instance_id": "",
            "instance_owner_id": "",
            "local_gateway_id": "",
            "nat_gateway_id": "",
            "network_interface_id": "",
            "origin": "CreateRoute",
            "route_table_id": "rtb-090c8cd687e207c15",
            "state": "active",
            "timeouts": null,
            "transit_gateway_id": "",
            "vpc_endpoint_id": "",
            "vpc_peering_connection_id": ""
          },
          "sensitive_attributes": [],
          "private": "eyJlMmJmYjczMC1lY2FhLTExZTYtOGY4OC0zNDM2M2JjN2M0YzAiOnsiY3JlYXRlIjozMDAwMDAwMDAwMDAsImRlbGV0ZSI6MzAwMDAwMDAwMDAwLCJ1cGRhdGUiOjEyMDAwMDAwMDAwMH19",
          "dependencies": [
            "module.network.aws_internet_gateway.igw",
            "module.network.aws_route_table.route_table_public",
            "module.network.aws_vpc.main"
          ]
        }
      ]
    },
    {
      "module": "module.network",
      "mode": "managed",
      "type": "aws_route_table",
      "name": "route_table_private",
      "provider": "provider[\"registry.terraform.io/hashicorp/aws\"]",
      "instances": [
        {
          "schema_version": 0,
          "attributes": {
            "arn": "arn:aws:ec2:us-east-2:247715616872:route-table/rtb-02e79689586ee094c",
            "id": "rtb-02e79689586ee094c",
            "owner_id": "247715616872",
            "propagating_vgws": [],
            "route": [],
            "tags": {
              "Name": "shopping-private"
            },
            "tags_all": {
              "Name": "shopping-private"
            },
            "timeouts": null,
            "vpc_id": "vpc-0817800086e49b4b4"
          },
          "sensitive_attributes": [],
          "private": "eyJlMmJmYjczMC1lY2FhLTExZTYtOGY4OC0zNDM2M2JjN2M0YzAiOnsiY3JlYXRlIjozMDAwMDAwMDAwMDAsImRlbGV0ZSI6MzAwMDAwMDAwMDAwLCJ1cGRhdGUiOjEyMDAwMDAwMDAwMH19",
          "dependencies": [
            "module.network.aws_vpc.main"
          ]
        }
      ]
    },
    {
      "module": "module.network",
      "mode": "managed",
      "type": "aws_route_table",
      "name": "route_table_public",
      "provider": "provider[\"registry.terraform.io/hashicorp/aws\"]",
      "instances": [
        {
          "schema_version": 0,
          "attributes": {
            "arn": "arn:aws:ec2:us-east-2:247715616872:route-table/rtb-090c8cd687e207c15",
            "id": "rtb-090c8cd687e207c15",
            "owner_id": "247715616872",
            "propagating_vgws": [],
            "route": [],
            "tags": {
              "Name": "shopping-public"
            },
            "tags_all": {
              "Name": "shopping-public"
            },
            "timeouts": null,
            "vpc_id": "vpc-0817800086e49b4b4"
          },
          "sensitive_attributes": [],
          "private": "eyJlMmJmYjczMC1lY2FhLTExZTYtOGY4OC0zNDM2M2JjN2M0YzAiOnsiY3JlYXRlIjozMDAwMDAwMDAwMDAsImRlbGV0ZSI6MzAwMDAwMDAwMDAwLCJ1cGRhdGUiOjEyMDAwMDAwMDAwMH19",
          "dependencies": [
            "module.network.aws_vpc.main"
          ]
        }
      ]
    },
    {
      "module": "module.network",
      "mode": "managed",
      "type": "aws_route_table_association",
      "name": "ass_subnet_private_1",
      "provider": "provider[\"registry.terraform.io/hashicorp/aws\"]",
      "instances": [
        {
          "schema_version": 0,
          "attributes": {
            "gateway_id": "",
            "id": "rtbassoc-0db080914e0e596a4",
            "route_table_id": "rtb-02e79689586ee094c",
            "subnet_id": "subnet-03d43901146d11fe1"
          },
          "sensitive_attributes": [],
          "private": "bnVsbA==",
          "dependencies": [
            "module.network.aws_route_table.route_table_private",
            "module.network.aws_subnet.private_subnet_1",
            "module.network.aws_vpc.main"
          ]
        }
      ]
    },
    {
      "module": "module.network",
      "mode": "managed",
      "type": "aws_route_table_association",
      "name": "ass_subnet_private_2",
      "provider": "provider[\"registry.terraform.io/hashicorp/aws\"]",
      "instances": [
        {
          "schema_version": 0,
          "attributes": {
            "gateway_id": "",
            "id": "rtbassoc-0e7f89dc5657233bf",
            "route_table_id": "rtb-02e79689586ee094c",
            "subnet_id": "subnet-0c7430a9a0e13678a"
          },
          "sensitive_attributes": [],
          "private": "bnVsbA==",
          "dependencies": [
            "module.network.aws_route_table.route_table_private",
            "module.network.aws_subnet.private_subnet_2",
            "module.network.aws_vpc.main"
          ]
        }
      ]
    },
    {
      "module": "module.network",
      "mode": "managed",
      "type": "aws_route_table_association",
      "name": "ass_subnet_public_1",
      "provider": "provider[\"registry.terraform.io/hashicorp/aws\"]",
      "instances": [
        {
          "schema_version": 0,
          "attributes": {
            "gateway_id": "",
            "id": "rtbassoc-06e0355c98a6dfeb3",
            "route_table_id": "rtb-090c8cd687e207c15",
            "subnet_id": "subnet-036f8f713fee5e8cc"
          },
          "sensitive_attributes": [],
          "private": "bnVsbA==",
          "dependencies": [
            "module.network.aws_route_table.route_table_public",
            "module.network.aws_subnet.public_subnet_1",
            "module.network.aws_vpc.main"
          ]
        }
      ]
    },
    {
      "module": "module.network",
      "mode": "managed",
      "type": "aws_route_table_association",
      "name": "ass_subnet_public_2",
      "provider": "provider[\"registry.terraform.io/hashicorp/aws\"]",
      "instances": [
        {
          "schema_version": 0,
          "attributes": {
            "gateway_id": "",
            "id": "rtbassoc-0c47842b8327b7b3d",
            "route_table_id": "rtb-090c8cd687e207c15",
            "subnet_id": "subnet-0eda95abce8f1e4b9"
          },
          "sensitive_attributes": [],
          "private": "bnVsbA==",
          "dependencies": [
            "module.network.aws_route_table.route_table_public",
            "module.network.aws_subnet.public_subnet_2",
            "module.network.aws_vpc.main"
          ]
        }
      ]
    },
    {
      "module": "module.network",
      "mode": "managed",
      "type": "aws_security_group",
      "name": "security_group",
      "provider": "provider[\"registry.terraform.io/hashicorp/aws\"]",
      "instances": [
        {
          "schema_version": 1,
          "attributes": {
            "arn": "arn:aws:ec2:us-east-2:247715616872:security-group/sg-0c3492c304d49c28f",
            "description": "Managed by Terraform",
            "egress": [],
            "id": "sg-0c3492c304d49c28f",
            "ingress": [],
            "name": "terraform-20220907181111658600000002",
            "name_prefix": "terraform-",
            "owner_id": "247715616872",
            "revoke_rules_on_delete": false,
            "tags": {
              "Name": "shopping"
            },
            "tags_all": {
              "Name": "shopping"
            },
            "timeouts": null,
            "vpc_id": "vpc-0817800086e49b4b4"
          },
          "sensitive_attributes": [],
          "private": "eyJlMmJmYjczMC1lY2FhLTExZTYtOGY4OC0zNDM2M2JjN2M0YzAiOnsiY3JlYXRlIjo2MDAwMDAwMDAwMDAsImRlbGV0ZSI6OTAwMDAwMDAwMDAwfSwic2NoZW1hX3ZlcnNpb24iOiIxIn0=",
          "dependencies": [
            "module.network.aws_vpc.main"
          ]
        }
      ]
    },
    {
      "module": "module.network",
      "mode": "managed",
      "type": "aws_security_group_rule",
      "name": "egress_all",
      "provider": "provider[\"registry.terraform.io/hashicorp/aws\"]",
      "instances": [
        {
          "schema_version": 2,
          "attributes": {
            "cidr_blocks": [
              "0.0.0.0/0"
            ],
            "description": null,
            "from_port": 0,
            "id": "sgrule-99542562",
            "ipv6_cidr_blocks": null,
            "prefix_list_ids": null,
            "protocol": "-1",
            "security_group_id": "sg-0c3492c304d49c28f",
            "self": false,
            "source_security_group_id": null,
            "timeouts": null,
            "to_port": 0,
            "type": "egress"
          },
          "sensitive_attributes": [],
          "private": "eyJlMmJmYjczMC1lY2FhLTExZTYtOGY4OC0zNDM2M2JjN2M0YzAiOnsiY3JlYXRlIjozMDAwMDAwMDAwMDB9LCJzY2hlbWFfdmVyc2lvbiI6IjIifQ==",
          "dependencies": [
            "module.network.aws_security_group.security_group",
            "module.network.aws_vpc.main"
          ]
        }
      ]
    },
    {
      "module": "module.network",
      "mode": "managed",
      "type": "aws_security_group_rule",
      "name": "igress_all",
      "provider": "provider[\"registry.terraform.io/hashicorp/aws\"]",
      "instances": [
        {
          "schema_version": 2,
          "attributes": {
            "cidr_blocks": [
              "0.0.0.0/0"
            ],
            "description": null,
            "from_port": 0,
            "id": "sgrule-1466403926",
            "ipv6_cidr_blocks": null,
            "prefix_list_ids": null,
            "protocol": "-1",
            "security_group_id": "sg-0c3492c304d49c28f",
            "self": false,
            "source_security_group_id": null,
            "timeouts": null,
            "to_port": 0,
            "type": "ingress"
          },
          "sensitive_attributes": [],
          "private": "eyJlMmJmYjczMC1lY2FhLTExZTYtOGY4OC0zNDM2M2JjN2M0YzAiOnsiY3JlYXRlIjozMDAwMDAwMDAwMDB9LCJzY2hlbWFfdmVyc2lvbiI6IjIifQ==",
          "dependencies": [
            "module.network.aws_security_group.security_group",
            "module.network.aws_vpc.main"
          ]
        }
      ]
    },
    {
      "module": "module.network",
      "mode": "managed",
      "type": "aws_security_group_rule",
      "name": "ingress_22",
      "provider": "provider[\"registry.terraform.io/hashicorp/aws\"]",
      "instances": [
        {
          "schema_version": 2,
          "attributes": {
            "cidr_blocks": [
              "0.0.0.0/0"
            ],
            "description": null,
            "from_port": 22,
            "id": "sgrule-1925454346",
            "ipv6_cidr_blocks": null,
            "prefix_list_ids": null,
            "protocol": "tcp",
            "security_group_id": "sg-0c3492c304d49c28f",
            "self": false,
            "source_security_group_id": null,
            "timeouts": null,
            "to_port": 22,
            "type": "ingress"
          },
          "sensitive_attributes": [],
          "private": "eyJlMmJmYjczMC1lY2FhLTExZTYtOGY4OC0zNDM2M2JjN2M0YzAiOnsiY3JlYXRlIjozMDAwMDAwMDAwMDB9LCJzY2hlbWFfdmVyc2lvbiI6IjIifQ==",
          "dependencies": [
            "module.network.aws_security_group.security_group",
            "module.network.aws_vpc.main"
          ]
        }
      ]
    },
    {
      "module": "module.network",
      "mode": "managed",
      "type": "aws_subnet",
      "name": "private_subnet_1",
      "provider": "provider[\"registry.terraform.io/hashicorp/aws\"]",
      "instances": [
        {
          "schema_version": 1,
          "attributes": {
            "arn": "arn:aws:ec2:us-east-2:247715616872:subnet/subnet-03d43901146d11fe1",
            "assign_ipv6_address_on_creation": false,
            "availability_zone": "us-east-2c",
            "availability_zone_id": "use2-az3",
            "cidr_block": "10.0.3.0/24",
            "customer_owned_ipv4_pool": "",
            "enable_dns64": false,
            "enable_resource_name_dns_a_record_on_launch": false,
            "enable_resource_name_dns_aaaa_record_on_launch": false,
            "id": "subnet-03d43901146d11fe1",
            "ipv6_cidr_block": "",
            "ipv6_cidr_block_association_id": "",
            "ipv6_native": false,
            "map_customer_owned_ip_on_launch": false,
            "map_public_ip_on_launch": true,
            "outpost_arn": "",
            "owner_id": "247715616872",
            "private_dns_hostname_type_on_launch": "ip-name",
            "tags": {
              "Name": "shopping-private-1"
            },
            "tags_all": {
              "Name": "shopping-private-1"
            },
            "timeouts": null,
            "vpc_id": "vpc-0817800086e49b4b4"
          },
          "sensitive_attributes": [],
          "private": "eyJlMmJmYjczMC1lY2FhLTExZTYtOGY4OC0zNDM2M2JjN2M0YzAiOnsiY3JlYXRlIjo2MDAwMDAwMDAwMDAsImRlbGV0ZSI6MTIwMDAwMDAwMDAwMH0sInNjaGVtYV92ZXJzaW9uIjoiMSJ9",
          "dependencies": [
            "module.network.aws_vpc.main"
          ]
        }
      ]
    },
    {
      "module": "module.network",
      "mode": "managed",
      "type": "aws_subnet",
      "name": "private_subnet_2",
      "provider": "provider[\"registry.terraform.io/hashicorp/aws\"]",
      "instances": [
        {
          "schema_version": 1,
          "attributes": {
            "arn": "arn:aws:ec2:us-east-2:247715616872:subnet/subnet-0c7430a9a0e13678a",
            "assign_ipv6_address_on_creation": false,
            "availability_zone": "us-east-2b",
            "availability_zone_id": "use2-az2",
            "cidr_block": "10.0.4.0/24",
            "customer_owned_ipv4_pool": "",
            "enable_dns64": false,
            "enable_resource_name_dns_a_record_on_launch": false,
            "enable_resource_name_dns_aaaa_record_on_launch": false,
            "id": "subnet-0c7430a9a0e13678a",
            "ipv6_cidr_block": "",
            "ipv6_cidr_block_association_id": "",
            "ipv6_native": false,
            "map_customer_owned_ip_on_launch": false,
            "map_public_ip_on_launch": true,
            "outpost_arn": "",
            "owner_id": "247715616872",
            "private_dns_hostname_type_on_launch": "ip-name",
            "tags": {
              "Name": "shopping-private-2"
            },
            "tags_all": {
              "Name": "shopping-private-2"
            },
            "timeouts": null,
            "vpc_id": "vpc-0817800086e49b4b4"
          },
          "sensitive_attributes": [],
          "private": "eyJlMmJmYjczMC1lY2FhLTExZTYtOGY4OC0zNDM2M2JjN2M0YzAiOnsiY3JlYXRlIjo2MDAwMDAwMDAwMDAsImRlbGV0ZSI6MTIwMDAwMDAwMDAwMH0sInNjaGVtYV92ZXJzaW9uIjoiMSJ9",
          "dependencies": [
            "module.network.aws_vpc.main"
          ]
        }
      ]
    },
    {
      "module": "module.network",
      "mode": "managed",
      "type": "aws_subnet",
      "name": "public_subnet_1",
      "provider": "provider[\"registry.terraform.io/hashicorp/aws\"]",
      "instances": [
        {
          "schema_version": 1,
          "attributes": {
            "arn": "arn:aws:ec2:us-east-2:247715616872:subnet/subnet-036f8f713fee5e8cc",
            "assign_ipv6_address_on_creation": false,
            "availability_zone": "us-east-2a",
            "availability_zone_id": "use2-az1",
            "cidr_block": "10.0.1.0/24",
            "customer_owned_ipv4_pool": "",
            "enable_dns64": false,
            "enable_resource_name_dns_a_record_on_launch": false,
            "enable_resource_name_dns_aaaa_record_on_launch": false,
            "id": "subnet-036f8f713fee5e8cc",
            "ipv6_cidr_block": "",
            "ipv6_cidr_block_association_id": "",
            "ipv6_native": false,
            "map_customer_owned_ip_on_launch": false,
            "map_public_ip_on_launch": true,
            "outpost_arn": "",
            "owner_id": "247715616872",
            "private_dns_hostname_type_on_launch": "ip-name",
            "tags": {
              "Name": "shopping-public-1"
            },
            "tags_all": {
              "Name": "shopping-public-1"
            },
            "timeouts": null,
            "vpc_id": "vpc-0817800086e49b4b4"
          },
          "sensitive_attributes": [],
          "private": "eyJlMmJmYjczMC1lY2FhLTExZTYtOGY4OC0zNDM2M2JjN2M0YzAiOnsiY3JlYXRlIjo2MDAwMDAwMDAwMDAsImRlbGV0ZSI6MTIwMDAwMDAwMDAwMH0sInNjaGVtYV92ZXJzaW9uIjoiMSJ9",
          "dependencies": [
            "module.network.aws_vpc.main"
          ]
        }
      ]
    },
    {
      "module": "module.network",
      "mode": "managed",
      "type": "aws_subnet",
      "name": "public_subnet_2",
      "provider": "provider[\"registry.terraform.io/hashicorp/aws\"]",
      "instances": [
        {
          "schema_version": 1,
          "attributes": {
            "arn": "arn:aws:ec2:us-east-2:247715616872:subnet/subnet-0eda95abce8f1e4b9",
            "assign_ipv6_address_on_creation": false,
            "availability_zone": "us-east-2b",
            "availability_zone_id": "use2-az2",
            "cidr_block": "10.0.2.0/24",
            "customer_owned_ipv4_pool": "",
            "enable_dns64": false,
            "enable_resource_name_dns_a_record_on_launch": false,
            "enable_resource_name_dns_aaaa_record_on_launch": false,
            "id": "subnet-0eda95abce8f1e4b9",
            "ipv6_cidr_block": "",
            "ipv6_cidr_block_association_id": "",
            "ipv6_native": false,
            "map_customer_owned_ip_on_launch": false,
            "map_public_ip_on_launch": true,
            "outpost_arn": "",
            "owner_id": "247715616872",
            "private_dns_hostname_type_on_launch": "ip-name",
            "tags": {
              "Name": "shopping-public-2"
            },
            "tags_all": {
              "Name": "shopping-public-2"
            },
            "timeouts": null,
            "vpc_id": "vpc-0817800086e49b4b4"
          },
          "sensitive_attributes": [],
          "private": "eyJlMmJmYjczMC1lY2FhLTExZTYtOGY4OC0zNDM2M2JjN2M0YzAiOnsiY3JlYXRlIjo2MDAwMDAwMDAwMDAsImRlbGV0ZSI6MTIwMDAwMDAwMDAwMH0sInNjaGVtYV92ZXJzaW9uIjoiMSJ9",
          "dependencies": [
            "module.network.aws_vpc.main"
          ]
        }
      ]
    },
    {
      "module": "module.network",
      "mode": "managed",
      "type": "aws_vpc",
      "name": "main",
      "provider": "provider[\"registry.terraform.io/hashicorp/aws\"]",
      "instances": [
        {
          "schema_version": 1,
          "attributes": {
            "arn": "arn:aws:ec2:us-east-2:247715616872:vpc/vpc-0817800086e49b4b4",
            "assign_generated_ipv6_cidr_block": false,
            "cidr_block": "10.0.0.0/16",
            "default_network_acl_id": "acl-03cb7adabb35cf73e",
            "default_route_table_id": "rtb-0d4aef2a0f291937c",
            "default_security_group_id": "sg-0db3be8075c90723c",
            "dhcp_options_id": "dopt-0e7b9329826aea10e",
            "enable_classiclink": false,
            "enable_classiclink_dns_support": false,
            "enable_dns_hostnames": true,
            "enable_dns_support": true,
            "id": "vpc-0817800086e49b4b4",
            "instance_tenancy": "default",
            "ipv4_ipam_pool_id": null,
            "ipv4_netmask_length": null,
            "ipv6_association_id": "",
            "ipv6_cidr_block": "",
            "ipv6_cidr_block_network_border_group": "",
            "ipv6_ipam_pool_id": "",
            "ipv6_netmask_length": 0,
            "main_route_table_id": "rtb-0d4aef2a0f291937c",
            "owner_id": "247715616872",
            "tags": {
              "Name": "shopping"
            },
            "tags_all": {
              "Name": "shopping"
            }
          },
          "sensitive_attributes": [],
          "private": "eyJzY2hlbWFfdmVyc2lvbiI6IjEifQ=="
        }
      ]
    },
    {
      "module": "module.server",
      "mode": "data",
      "type": "aws_iam_policy_document",
      "name": "external_assume_role_policy",
      "provider": "provider[\"registry.terraform.io/hashicorp/aws\"]",
      "instances": [
        {
          "schema_version": 0,
          "attributes": {
            "id": "1980348437",
            "json": "{\n  \"Version\": \"2012-10-17\",\n  \"Statement\": [\n    {\n      \"Sid\": \"\",\n      \"Effect\": \"Allow\",\n      \"Action\": \"sts:AssumeRoleWithWebIdentity\",\n      \"Principal\": {\n        \"Federated\": \"arn:aws:iam::247715616872:oidc-provider/oidc.eks.us-east-2.amazonaws.com/id/4A498A13B59A8E669531F49E3D2AF69F\"\n      },\n      \"Condition\": {\n        \"StringEquals\": {\n          \"oidc.eks.us-east-2.amazonaws.com/id/4A498A13B59A8E669531F49E3D2AF69F:sub\": \"system:serviceaccount:default:external-dns\"\n        }\n      }\n    }\n  ]\n}",
            "override_json": null,
            "override_policy_documents": null,
            "policy_id": null,
            "source_json": null,
            "source_policy_documents": null,
            "statement": [
              {
                "actions": [
                  "sts:AssumeRoleWithWebIdentity"
                ],
                "condition": [
                  {
                    "test": "StringEquals",
                    "values": [
                      "system:serviceaccount:default:external-dns"
                    ],
                    "variable": "oidc.eks.us-east-2.amazonaws.com/id/4A498A13B59A8E669531F49E3D2AF69F:sub"
                  }
                ],
                "effect": "Allow",
                "not_actions": [],
                "not_principals": [],
                "not_resources": [],
                "principals": [
                  {
                    "identifiers": [
                      "arn:aws:iam::247715616872:oidc-provider/oidc.eks.us-east-2.amazonaws.com/id/4A498A13B59A8E669531F49E3D2AF69F"
                    ],
                    "type": "Federated"
                  }
                ],
                "resources": [],
                "sid": ""
              }
            ],
            "version": "2012-10-17"
          },
          "sensitive_attributes": []
        }
      ]
    },
    {
      "module": "module.server",
      "mode": "managed",
      "type": "aws_eks_addon",
      "name": "core-dns",
      "provider": "provider[\"registry.terraform.io/hashicorp/aws\"]",
      "instances": [
        {
          "schema_version": 0,
          "attributes": {
            "addon_name": "coredns",
            "addon_version": "v1.8.7-eksbuild.1",
            "arn": "arn:aws:eks:us-east-2:247715616872:addon/shopping/coredns/36c18c98-b288-d6b9-4238-99f58ebd67bf",
            "cluster_name": "shopping",
            "created_at": "2022-09-07T18:23:31Z",
            "id": "shopping:coredns",
            "modified_at": "2022-09-07T18:23:37Z",
            "preserve": null,
            "resolve_conflicts": "OVERWRITE",
            "service_account_role_arn": "",
            "tags": {
              "eks_addon": "coredns"
            },
            "tags_all": {
              "eks_addon": "coredns"
            }
          },
          "sensitive_attributes": [],
          "private": "bnVsbA==",
          "dependencies": [
            "module.network.aws_security_group.security_group",
            "module.network.aws_subnet.private_subnet_1",
            "module.network.aws_subnet.private_subnet_2",
            "module.network.aws_subnet.public_subnet_1",
            "module.network.aws_subnet.public_subnet_2",
            "module.network.aws_vpc.main",
            "module.server.aws_eks_cluster.cluster",
            "module.server.aws_eks_node_group.nodes",
            "module.server.aws_iam_role.cluster_role",
            "module.server.aws_iam_role.node_role",
            "module.server.aws_iam_role_policy_attachment.clutser_role_attach_cni",
            "module.server.aws_iam_role_policy_attachment.clutser_role_attach_controller",
            "module.server.aws_iam_role_policy_attachment.clutser_role_attach_instance",
            "module.server.aws_iam_role_policy_attachment.clutser_role_attach_policy",
            "module.server.aws_iam_role_policy_attachment.clutser_role_attach_registry",
            "module.server.aws_iam_role_policy_attachment.clutser_role_attach_worker",
            "module.server.aws_launch_template.launch_template"
          ]
        }
      ]
    },
    {
      "module": "module.server",
      "mode": "managed",
      "type": "aws_eks_addon",
      "name": "csi-driver",
      "provider": "provider[\"registry.terraform.io/hashicorp/aws\"]",
      "instances": [
        {
          "schema_version": 0,
          "attributes": {
            "addon_name": "aws-ebs-csi-driver",
            "addon_version": "v1.10.0-eksbuild.1",
            "arn": "arn:aws:eks:us-east-2:247715616872:addon/shopping/aws-ebs-csi-driver/28c18c98-b28f-5de7-77e7-7c4da6d3ce2a",
            "cluster_name": "shopping",
            "created_at": "2022-09-07T18:23:31Z",
            "id": "shopping:aws-ebs-csi-driver",
            "modified_at": "2022-09-07T18:24:39Z",
            "preserve": null,
            "resolve_conflicts": "OVERWRITE",
            "service_account_role_arn": "",
            "tags": {
              "eks_addon": "aws-ebs-csi-driver"
            },
            "tags_all": {
              "eks_addon": "aws-ebs-csi-driver"
            }
          },
          "sensitive_attributes": [],
          "private": "bnVsbA==",
          "dependencies": [
            "module.network.aws_security_group.security_group",
            "module.network.aws_subnet.private_subnet_1",
            "module.network.aws_subnet.private_subnet_2",
            "module.network.aws_subnet.public_subnet_1",
            "module.network.aws_subnet.public_subnet_2",
            "module.network.aws_vpc.main",
            "module.server.aws_eks_cluster.cluster",
            "module.server.aws_eks_node_group.nodes",
            "module.server.aws_iam_role.cluster_role",
            "module.server.aws_iam_role.node_role",
            "module.server.aws_iam_role_policy_attachment.clutser_role_attach_cni",
            "module.server.aws_iam_role_policy_attachment.clutser_role_attach_controller",
            "module.server.aws_iam_role_policy_attachment.clutser_role_attach_instance",
            "module.server.aws_iam_role_policy_attachment.clutser_role_attach_policy",
            "module.server.aws_iam_role_policy_attachment.clutser_role_attach_registry",
            "module.server.aws_iam_role_policy_attachment.clutser_role_attach_worker",
            "module.server.aws_launch_template.launch_template"
          ]
        }
      ]
    },
    {
      "module": "module.server",
      "mode": "managed",
      "type": "aws_eks_addon",
      "name": "kube-proxy",
      "provider": "provider[\"registry.terraform.io/hashicorp/aws\"]",
      "instances": [
        {
          "schema_version": 0,
          "attributes": {
            "addon_name": "kube-proxy",
            "addon_version": "v1.22.6-eksbuild.1",
            "arn": "arn:aws:eks:us-east-2:247715616872:addon/shopping/kube-proxy/26c18c97-553f-d05e-8f35-b3b11d0afdfc",
            "cluster_name": "shopping",
            "created_at": "2022-09-07T18:20:32Z",
            "id": "shopping:kube-proxy",
            "modified_at": "2022-09-07T18:20:33Z",
            "preserve": null,
            "resolve_conflicts": null,
            "service_account_role_arn": "",
            "tags": null,
            "tags_all": {}
          },
          "sensitive_attributes": [],
          "private": "bnVsbA==",
          "dependencies": [
            "module.network.aws_security_group.security_group",
            "module.network.aws_subnet.public_subnet_1",
            "module.network.aws_subnet.public_subnet_2",
            "module.network.aws_vpc.main",
            "module.server.aws_eks_cluster.cluster",
            "module.server.aws_iam_role.cluster_role",
            "module.server.aws_iam_role_policy_attachment.clutser_role_attach_controller",
            "module.server.aws_iam_role_policy_attachment.clutser_role_attach_policy"
          ]
        }
      ]
    },
    {
      "module": "module.server",
      "mode": "managed",
      "type": "aws_eks_addon",
      "name": "vpc-cni",
      "provider": "provider[\"registry.terraform.io/hashicorp/aws\"]",
      "instances": [
        {
          "schema_version": 0,
          "attributes": {
            "addon_name": "vpc-cni",
            "addon_version": "v1.10.1-eksbuild.1",
            "arn": "arn:aws:eks:us-east-2:247715616872:addon/shopping/vpc-cni/72c18c97-54f4-6c23-54d7-ee7fef9d074a",
            "cluster_name": "shopping",
            "created_at": "2022-09-07T18:20:32Z",
            "id": "shopping:vpc-cni",
            "modified_at": "2022-09-07T18:20:34Z",
            "preserve": null,
            "resolve_conflicts": null,
            "service_account_role_arn": "",
            "tags": null,
            "tags_all": {}
          },
          "sensitive_attributes": [],
          "private": "bnVsbA==",
          "dependencies": [
            "module.network.aws_security_group.security_group",
            "module.network.aws_subnet.public_subnet_1",
            "module.network.aws_subnet.public_subnet_2",
            "module.network.aws_vpc.main",
            "module.server.aws_eks_cluster.cluster",
            "module.server.aws_iam_role.cluster_role",
            "module.server.aws_iam_role_policy_attachment.clutser_role_attach_controller",
            "module.server.aws_iam_role_policy_attachment.clutser_role_attach_policy"
          ]
        }
      ]
    },
    {
      "module": "module.server",
      "mode": "managed",
      "type": "aws_eks_cluster",
      "name": "cluster",
      "provider": "provider[\"registry.terraform.io/hashicorp/aws\"]",
      "instances": [
        {
          "schema_version": 0,
          "attributes": {
            "arn": "arn:aws:eks:us-east-2:247715616872:cluster/shopping",
            "certificate_authority": [
              {
                "data": "LS0tLS1CRUdJTiBDRVJUSUZJQ0FURS0tLS0tCk1JSUMvakNDQWVhZ0F3SUJBZ0lCQURBTkJna3Foa2lHOXcwQkFRc0ZBREFWTVJNd0VRWURWUVFERXdwcmRXSmwKY201bGRHVnpNQjRYRFRJeU1Ea3dOekU0TVRZMU5Gb1hEVE15TURrd05ERTRNVFkxTkZvd0ZURVRNQkVHQTFVRQpBeE1LYTNWaVpYSnVaWFJsY3pDQ0FTSXdEUVlKS29aSWh2Y05BUUVCQlFBRGdnRVBBRENDQVFvQ2dnRUJBS2UyCjlPeFo1Mm8vTnJkMHVSSy9RQVhWYXhNVG9la3VWQVIwNDVObmJiOWpqRVU0aXYyUEhMQ0F5MjNLWm9rZzR4SFgKeTlRNjBtdDV2b1I5dzY4emlYTzd0YVpWZWU4aldRUWQyLzFjaU80R1IvbGlUdlhYNDhoUzNtL0tkaDZJTWZJVwpVeG4zajVyZlhZSmRCZXN2VHM0YWtFOWlZT1pvRC8vWmxTRWZsYmNBM2ZGVHkra0tDdWxORENiOTljUUFVR1k0CnZ2eFA3ZUZRRVpOamR4N3RvbFhQOFAyd1B6VnVDMjh1QjdWTjFYWDRkS1ZPbUdrSVVleTFaNy9iUE9aVWcxRlIKdWlWUXRFOEt4Nnd6LzQycmlySFdPSy9wbDlsSzJwT3dYWFZZa1kyTmV1djVhR3RsbHl6TTVER1pTRHR3ci9EUQpqOXJObnBaZWJDU1R4cDhoNis4Q0F3RUFBYU5aTUZjd0RnWURWUjBQQVFIL0JBUURBZ0trTUE4R0ExVWRFd0VCCi93UUZNQU1CQWY4d0hRWURWUjBPQkJZRUZQUS9HM1JhblE4c21VMzRLbUJQekxrNzdwYkRNQlVHQTFVZEVRUU8KTUF5Q0NtdDFZbVZ5Ym1WMFpYTXdEUVlKS29aSWh2Y05BUUVMQlFBRGdnRUJBRm04d0RXZjQ5emxWWUlMZEFOQwpWYTY3Z0NHZUc2dGl5OVRSenJObXo1TFJhb2VDUlNqVHFjd3NuMkJnQlpuUkhXdStMaGE3OEZZbU9EV0NFNENzCmxUWlpFZXoxcDF4ZS9YRmpmRURzeHF6SHFRaDlZNlhKNHc1NXc4ODZCZmtLa2dweVI4VlRzb0dmNkZZV1J6cVQKNXBMaWhGL2M0eWhwQW1RenFUU3NUWGZjZWZJTGtQLzNDQi9vcndIREwzdTJMK0VqMmM0TnNINUp0VitpZ25VaApvMjlVc1BCM1hGQkxXWUNRREd6c1hBSElLTnpPVUFPNzBMNnZvbGZJY3RXTUtvZXJLZk05U0JCd0J3VTlzdmpRCnhBS1lhYlRvSy9FZGxKbzhYY0hWaUVtRHRoMGJ3NnIrSlpzTjN1WnNpT1VEaVVLZVZJMS9aOHJvdHhxdUlwSk8KaW9ZPQotLS0tLUVORCBDRVJUSUZJQ0FURS0tLS0tCg=="
              }
            ],
            "created_at": "2022-09-07 18:11:26.75 +0000 UTC",
            "enabled_cluster_log_types": null,
            "encryption_config": [],
            "endpoint": "https://4A498A13B59A8E669531F49E3D2AF69F.sk1.us-east-2.eks.amazonaws.com",
            "id": "shopping",
            "identity": [
              {
                "oidc": [
                  {
                    "issuer": "https://oidc.eks.us-east-2.amazonaws.com/id/4A498A13B59A8E669531F49E3D2AF69F"
                  }
                ]
              }
            ],
            "kubernetes_network_config": [
              {
                "ip_family": "ipv4",
                "service_ipv4_cidr": "172.20.0.0/16"
              }
            ],
            "name": "shopping",
            "platform_version": "eks.5",
            "role_arn": "arn:aws:iam::247715616872:role/eksClusterRole",
            "status": "ACTIVE",
            "tags": {
              "Name": "shopping"
            },
            "tags_all": {
              "Name": "shopping"
            },
            "timeouts": null,
            "version": "1.22",
            "vpc_config": [
              {
                "cluster_security_group_id": "sg-04cf706fc02eca96d",
                "endpoint_private_access": false,
                "endpoint_public_access": true,
                "public_access_cidrs": [
                  "0.0.0.0/0"
                ],
                "security_group_ids": [
                  "sg-0c3492c304d49c28f"
                ],
                "subnet_ids": [
                  "subnet-036f8f713fee5e8cc",
                  "subnet-0eda95abce8f1e4b9"
                ],
                "vpc_id": "vpc-0817800086e49b4b4"
              }
            ]
          },
          "sensitive_attributes": [],
          "private": "eyJlMmJmYjczMC1lY2FhLTExZTYtOGY4OC0zNDM2M2JjN2M0YzAiOnsiY3JlYXRlIjoxODAwMDAwMDAwMDAwLCJkZWxldGUiOjkwMDAwMDAwMDAwMCwidXBkYXRlIjozNjAwMDAwMDAwMDAwfX0=",
          "dependencies": [
            "module.network.aws_security_group.security_group",
            "module.network.aws_subnet.public_subnet_1",
            "module.network.aws_subnet.public_subnet_2",
            "module.network.aws_vpc.main",
            "module.server.aws_iam_role.cluster_role",
            "module.server.aws_iam_role_policy_attachment.clutser_role_attach_controller",
            "module.server.aws_iam_role_policy_attachment.clutser_role_attach_policy"
          ]
        }
      ]
    },
    {
      "module": "module.server",
      "mode": "managed",
      "type": "aws_eks_node_group",
      "name": "nodes",
      "provider": "provider[\"registry.terraform.io/hashicorp/aws\"]",
      "instances": [
        {
          "schema_version": 0,
          "attributes": {
            "ami_type": "CUSTOM",
            "arn": "arn:aws:eks:us-east-2:247715616872:nodegroup/shopping/shopping/22c18c97-590d-1e62-eb77-c9d891950ce2",
            "capacity_type": "ON_DEMAND",
            "cluster_name": "shopping",
            "disk_size": 0,
            "force_update_version": null,
            "id": "shopping:shopping",
            "instance_types": [],
            "labels": null,
            "launch_template": [
              {
                "id": "lt-071d5c89320f1f5e7",
                "name": "node",
                "version": "1"
              }
            ],
            "node_group_name": "shopping",
            "node_group_name_prefix": "",
            "node_role_arn": "arn:aws:iam::247715616872:role/AmazonEKSNodeRole",
            "release_version": "ami-00b5dbd351e651f49",
            "remote_access": [],
            "resources": [
              {
                "autoscaling_groups": [
                  {
                    "name": "eks-shopping-22c18c97-590d-1e62-eb77-c9d891950ce2"
                  }
                ],
                "remote_access_security_group_id": ""
              }
            ],
            "scaling_config": [
              {
                "desired_size": 2,
                "max_size": 4,
                "min_size": 2
              }
            ],
            "status": "ACTIVE",
            "subnet_ids": [
              "subnet-03d43901146d11fe1",
              "subnet-0c7430a9a0e13678a"
            ],
            "tags": null,
            "tags_all": {},
            "taint": [],
            "timeouts": null,
            "update_config": [
              {
                "max_unavailable": 2,
                "max_unavailable_percentage": 0
              }
            ],
            "version": "1.23"
          },
          "sensitive_attributes": [],
          "private": "eyJlMmJmYjczMC1lY2FhLTExZTYtOGY4OC0zNDM2M2JjN2M0YzAiOnsiY3JlYXRlIjozNjAwMDAwMDAwMDAwLCJkZWxldGUiOjM2MDAwMDAwMDAwMDAsInVwZGF0ZSI6MzYwMDAwMDAwMDAwMH19",
          "dependencies": [
            "module.network.aws_security_group.security_group",
            "module.network.aws_subnet.private_subnet_1",
            "module.network.aws_subnet.private_subnet_2",
            "module.network.aws_subnet.public_subnet_1",
            "module.network.aws_subnet.public_subnet_2",
            "module.network.aws_vpc.main",
            "module.server.aws_eks_cluster.cluster",
            "module.server.aws_iam_role.cluster_role",
            "module.server.aws_iam_role.node_role",
            "module.server.aws_iam_role_policy_attachment.clutser_role_attach_cni",
            "module.server.aws_iam_role_policy_attachment.clutser_role_attach_controller",
            "module.server.aws_iam_role_policy_attachment.clutser_role_attach_instance",
            "module.server.aws_iam_role_policy_attachment.clutser_role_attach_policy",
            "module.server.aws_iam_role_policy_attachment.clutser_role_attach_registry",
            "module.server.aws_iam_role_policy_attachment.clutser_role_attach_worker",
            "module.server.aws_launch_template.launch_template"
          ]
        }
      ]
    },
    {
      "module": "module.server",
      "mode": "managed",
      "type": "aws_iam_openid_connect_provider",
      "name": "eks_identity_provider",
      "provider": "provider[\"registry.terraform.io/hashicorp/aws\"]",
      "instances": [
        {
          "schema_version": 0,
          "attributes": {
            "arn": "arn:aws:iam::247715616872:oidc-provider/oidc.eks.us-east-2.amazonaws.com/id/4A498A13B59A8E669531F49E3D2AF69F",
            "client_id_list": [
              "sts.amazonaws.com"
            ],
            "id": "arn:aws:iam::247715616872:oidc-provider/oidc.eks.us-east-2.amazonaws.com/id/4A498A13B59A8E669531F49E3D2AF69F",
            "tags": {
              "Name": "shopping"
            },
            "tags_all": {
              "Name": "shopping"
            },
            "thumbprint_list": [
              "9e99a48a9960b14926bb7f3b02e22da2b0ab7280"
            ],
            "url": "oidc.eks.us-east-2.amazonaws.com/id/4A498A13B59A8E669531F49E3D2AF69F"
          },
          "sensitive_attributes": [],
          "private": "bnVsbA==",
          "dependencies": [
            "module.network.aws_security_group.security_group",
            "module.network.aws_subnet.public_subnet_1",
            "module.network.aws_subnet.public_subnet_2",
            "module.network.aws_vpc.main",
            "module.server.aws_eks_cluster.cluster",
            "module.server.aws_iam_role.cluster_role",
            "module.server.aws_iam_role_policy_attachment.clutser_role_attach_controller",
            "module.server.aws_iam_role_policy_attachment.clutser_role_attach_policy"
          ]
        }
      ]
    },
    {
      "module": "module.server",
      "mode": "managed",
      "type": "aws_iam_role",
      "name": "cluster_role",
      "provider": "provider[\"registry.terraform.io/hashicorp/aws\"]",
      "instances": [
        {
          "schema_version": 0,
          "attributes": {
            "arn": "arn:aws:iam::247715616872:role/eksClusterRole",
            "assume_role_policy": "{\"Statement\":[{\"Action\":\"sts:AssumeRole\",\"Effect\":\"Allow\",\"Principal\":{\"Service\":[\"eks.amazonaws.com\"]}}],\"Version\":\"2012-10-17\"}",
            "create_date": "2022-09-07T18:11:16Z",
            "description": "",
            "force_detach_policies": false,
            "id": "eksClusterRole",
            "inline_policy": [],
            "managed_policy_arns": [],
            "max_session_duration": 3600,
            "name": "eksClusterRole",
            "name_prefix": "",
            "path": "/",
            "permissions_boundary": null,
            "tags": {
              "Name": "shopping"
            },
            "tags_all": {
              "Name": "shopping"
            },
            "unique_id": "AROATTLIALBUNVAKV2NP6"
          },
          "sensitive_attributes": [],
          "private": "bnVsbA=="
        }
      ]
    },
    {
      "module": "module.server",
      "mode": "managed",
      "type": "aws_iam_role",
      "name": "external_role",
      "provider": "provider[\"registry.terraform.io/hashicorp/aws\"]",
      "instances": [
        {
          "schema_version": 0,
          "attributes": {
            "arn": "arn:aws:iam::247715616872:role/eksExternalRole",
            "assume_role_policy": "{\"Statement\":[{\"Action\":\"sts:AssumeRoleWithWebIdentity\",\"Condition\":{\"StringEquals\":{\"oidc.eks.us-east-2.amazonaws.com/id/4A498A13B59A8E669531F49E3D2AF69F:sub\":\"system:serviceaccount:default:external-dns\"}},\"Effect\":\"Allow\",\"Principal\":{\"Federated\":\"arn:aws:iam::247715616872:oidc-provider/oidc.eks.us-east-2.amazonaws.com/id/4A498A13B59A8E669531F49E3D2AF69F\"},\"Sid\":\"\"}],\"Version\":\"2012-10-17\"}",
            "create_date": "2022-09-07T18:20:33Z",
            "description": "",
            "force_detach_policies": false,
            "id": "eksExternalRole",
            "inline_policy": [],
            "managed_policy_arns": [],
            "max_session_duration": 3600,
            "name": "eksExternalRole",
            "name_prefix": "",
            "path": "/",
            "permissions_boundary": null,
            "tags": {
              "Name": "shopping"
            },
            "tags_all": {
              "Name": "shopping"
            },
            "unique_id": "AROATTLIALBUPMUB4RXVQ"
          },
          "sensitive_attributes": [],
          "private": "bnVsbA==",
          "dependencies": [
            "module.network.aws_security_group.security_group",
            "module.network.aws_subnet.public_subnet_1",
            "module.network.aws_subnet.public_subnet_2",
            "module.network.aws_vpc.main",
            "module.server.aws_eks_cluster.cluster",
            "module.server.aws_iam_openid_connect_provider.eks_identity_provider",
            "module.server.aws_iam_role.cluster_role",
            "module.server.aws_iam_role_policy_attachment.clutser_role_attach_controller",
            "module.server.aws_iam_role_policy_attachment.clutser_role_attach_policy",
            "module.server.data.aws_iam_policy_document.external_assume_role_policy"
          ]
        }
      ]
    },
    {
      "module": "module.server",
      "mode": "managed",
      "type": "aws_iam_role",
      "name": "node_role",
      "provider": "provider[\"registry.terraform.io/hashicorp/aws\"]",
      "instances": [
        {
          "schema_version": 0,
          "attributes": {
            "arn": "arn:aws:iam::247715616872:role/AmazonEKSNodeRole",
            "assume_role_policy": "{\"Statement\":[{\"Action\":\"sts:AssumeRole\",\"Effect\":\"Allow\",\"Principal\":{\"Service\":\"ec2.amazonaws.com\"}}],\"Version\":\"2012-10-17\"}",
            "create_date": "2022-09-07T18:11:16Z",
            "description": "",
            "force_detach_policies": false,
            "id": "AmazonEKSNodeRole",
            "inline_policy": [],
            "managed_policy_arns": [],
            "max_session_duration": 3600,
            "name": "AmazonEKSNodeRole",
            "name_prefix": "",
            "path": "/",
            "permissions_boundary": null,
            "tags": {
              "Name": "shopping"
            },
            "tags_all": {
              "Name": "shopping"
            },
            "unique_id": "AROATTLIALBUNZQNGFTLQ"
          },
          "sensitive_attributes": [],
          "private": "bnVsbA=="
        }
      ]
    },
    {
      "module": "module.server",
      "mode": "managed",
      "type": "aws_iam_role_policy",
      "name": "PolicyCloudWatchMetrics",
      "provider": "provider[\"registry.terraform.io/hashicorp/aws\"]",
      "instances": [
        {
          "schema_version": 0,
          "attributes": {
            "id": "eksClusterRole:cluster-PolicyCloudWatchMetrics",
            "name": "cluster-PolicyCloudWatchMetrics",
            "name_prefix": null,
            "policy": "{\"Statement\":[{\"Action\":[\"cloudwatch:PutMetricData\"],\"Effect\":\"Allow\",\"Resource\":\"*\"}],\"Version\":\"2012-10-17\"}",
            "role": "eksClusterRole"
          },
          "sensitive_attributes": [],
          "private": "bnVsbA==",
          "dependencies": [
            "module.server.aws_iam_role.cluster_role"
          ]
        }
      ]
    },
    {
      "module": "module.server",
      "mode": "managed",
      "type": "aws_iam_role_policy",
      "name": "PolicyELBPermissions",
      "provider": "provider[\"registry.terraform.io/hashicorp/aws\"]",
      "instances": [
        {
          "schema_version": 0,
          "attributes": {
            "id": "eksClusterRole:cluster-PolicyELBPermissions",
            "name": "cluster-PolicyELBPermissions",
            "name_prefix": null,
            "policy": "{\"Statement\":[{\"Action\":[\"ec2:DescribeAccountAttributes\",\"ec2:DescribeAddresses\",\"ec2:DescribeInternetGateways\"],\"Effect\":\"Allow\",\"Resource\":\"*\"}],\"Version\":\"2012-10-17\"}",
            "role": "eksClusterRole"
          },
          "sensitive_attributes": [],
          "private": "bnVsbA==",
          "dependencies": [
            "module.server.aws_iam_role.cluster_role"
          ]
        }
      ]
    },
    {
      "module": "module.server",
      "mode": "managed",
      "type": "aws_iam_role_policy",
      "name": "eks_route53_policy",
      "provider": "provider[\"registry.terraform.io/hashicorp/aws\"]",
      "instances": [
        {
          "schema_version": 0,
          "attributes": {
            "id": "eksExternalRole:eksRoute53Policy",
            "name": "eksRoute53Policy",
            "name_prefix": null,
            "policy": "{\"Statement\":[{\"Action\":[\"route53:ChangeResourceRecordSets\"],\"Effect\":\"Allow\",\"Resource\":[\"arn:aws:route53:::hostedzone/*\"]},{\"Action\":[\"route53:ListHostedZones\",\"route53:ListResourceRecordSets\"],\"Effect\":\"Allow\",\"Resource\":[\"*\"]}],\"Version\":\"2012-10-17\"}",
            "role": "eksExternalRole"
          },
          "sensitive_attributes": [],
          "private": "bnVsbA==",
          "dependencies": [
            "module.network.aws_security_group.security_group",
            "module.network.aws_subnet.public_subnet_1",
            "module.network.aws_subnet.public_subnet_2",
            "module.network.aws_vpc.main",
            "module.server.aws_eks_cluster.cluster",
            "module.server.aws_iam_openid_connect_provider.eks_identity_provider",
            "module.server.aws_iam_role.cluster_role",
            "module.server.aws_iam_role.external_role",
            "module.server.aws_iam_role_policy_attachment.clutser_role_attach_controller",
            "module.server.aws_iam_role_policy_attachment.clutser_role_attach_policy",
            "module.server.data.aws_iam_policy_document.external_assume_role_policy"
          ]
        }
      ]
    },
    {
      "module": "module.server",
      "mode": "managed",
      "type": "aws_iam_role_policy_attachment",
      "name": "clutser_role_attach_cni",
      "provider": "provider[\"registry.terraform.io/hashicorp/aws\"]",
      "instances": [
        {
          "schema_version": 0,
          "attributes": {
            "id": "AmazonEKSNodeRole-20220907181121884800000006",
            "policy_arn": "arn:aws:iam::aws:policy/AmazonEKS_CNI_Policy",
            "role": "AmazonEKSNodeRole"
          },
          "sensitive_attributes": [],
          "private": "bnVsbA==",
          "dependencies": [
            "module.server.aws_iam_role.node_role"
          ]
        }
      ]
    },
    {
      "module": "module.server",
      "mode": "managed",
      "type": "aws_iam_role_policy_attachment",
      "name": "clutser_role_attach_controller",
      "provider": "provider[\"registry.terraform.io/hashicorp/aws\"]",
      "instances": [
        {
          "schema_version": 0,
          "attributes": {
            "id": "eksClusterRole-20220907181119434100000004",
            "policy_arn": "arn:aws:iam::aws:policy/AmazonEKSVPCResourceController",
            "role": "eksClusterRole"
          },
          "sensitive_attributes": [],
          "private": "bnVsbA==",
          "dependencies": [
            "module.server.aws_iam_role.cluster_role"
          ]
        }
      ]
    },
    {
      "module": "module.server",
      "mode": "managed",
      "type": "aws_iam_role_policy_attachment",
      "name": "clutser_role_attach_instance",
      "provider": "provider[\"registry.terraform.io/hashicorp/aws\"]",
      "instances": [
        {
          "schema_version": 0,
          "attributes": {
            "id": "AmazonEKSNodeRole-20220907181123247300000007",
            "policy_arn": "arn:aws:iam::aws:policy/AmazonSSMManagedInstanceCore",
            "role": "AmazonEKSNodeRole"
          },
          "sensitive_attributes": [],
          "private": "bnVsbA==",
          "dependencies": [
            "module.server.aws_iam_role.node_role"
          ]
        }
      ]
    },
    {
      "module": "module.server",
      "mode": "managed",
      "type": "aws_iam_role_policy_attachment",
      "name": "clutser_role_attach_policy",
      "provider": "provider[\"registry.terraform.io/hashicorp/aws\"]",
      "instances": [
        {
          "schema_version": 0,
          "attributes": {
            "id": "eksClusterRole-20220907181119401800000003",
            "policy_arn": "arn:aws:iam::aws:policy/AmazonEKSClusterPolicy",
            "role": "eksClusterRole"
          },
          "sensitive_attributes": [],
          "private": "bnVsbA==",
          "dependencies": [
            "module.server.aws_iam_role.cluster_role"
          ]
        }
      ]
    },
    {
      "module": "module.server",
      "mode": "managed",
      "type": "aws_iam_role_policy_attachment",
      "name": "clutser_role_attach_registry",
      "provider": "provider[\"registry.terraform.io/hashicorp/aws\"]",
      "instances": [
        {
          "schema_version": 0,
          "attributes": {
            "id": "AmazonEKSNodeRole-20220907181123313400000008",
            "policy_arn": "arn:aws:iam::aws:policy/AmazonEC2ContainerRegistryReadOnly",
            "role": "AmazonEKSNodeRole"
          },
          "sensitive_attributes": [],
          "private": "bnVsbA==",
          "dependencies": [
            "module.server.aws_iam_role.node_role"
          ]
        }
      ]
    },
    {
      "module": "module.server",
      "mode": "managed",
      "type": "aws_iam_role_policy_attachment",
      "name": "clutser_role_attach_worker",
      "provider": "provider[\"registry.terraform.io/hashicorp/aws\"]",
      "instances": [
        {
          "schema_version": 0,
          "attributes": {
            "id": "AmazonEKSNodeRole-20220907181121832800000005",
            "policy_arn": "arn:aws:iam::aws:policy/AmazonEKSWorkerNodePolicy",
            "role": "AmazonEKSNodeRole"
          },
          "sensitive_attributes": [],
          "private": "bnVsbA==",
          "dependencies": [
            "module.server.aws_iam_role.node_role"
          ]
        }
      ]
    },
    {
      "module": "module.server",
      "mode": "managed",
      "type": "aws_instance",
      "name": "bastion",
      "provider": "provider[\"registry.terraform.io/hashicorp/aws\"]",
      "instances": [
        {
          "schema_version": 1,
          "attributes": {
            "ami": "ami-02f3416038bdb17fb",
            "arn": "arn:aws:ec2:us-east-2:247715616872:instance/i-0801a75fd96d5b1e3",
            "associate_public_ip_address": true,
            "availability_zone": "us-east-2a",
            "capacity_reservation_specification": [
              {
                "capacity_reservation_preference": "open",
                "capacity_reservation_target": []
              }
            ],
            "cpu_core_count": 1,
            "cpu_threads_per_core": 1,
            "credit_specification": [
              {
                "cpu_credits": "standard"
              }
            ],
            "disable_api_stop": false,
            "disable_api_termination": false,
            "ebs_block_device": [],
            "ebs_optimized": false,
            "enclave_options": [
              {
                "enabled": false
              }
            ],
            "ephemeral_block_device": [],
            "get_password_data": false,
            "hibernation": false,
            "host_id": null,
            "iam_instance_profile": "",
            "id": "i-0801a75fd96d5b1e3",
            "instance_initiated_shutdown_behavior": "stop",
            "instance_state": "running",
            "instance_type": "t2.micro",
            "ipv6_address_count": 0,
            "ipv6_addresses": [],
            "key_name": "test",
            "launch_template": [],
            "maintenance_options": [
              {
                "auto_recovery": "default"
              }
            ],
            "metadata_options": [
              {
                "http_endpoint": "enabled",
                "http_put_response_hop_limit": 1,
                "http_tokens": "optional",
                "instance_metadata_tags": "disabled"
              }
            ],
            "monitoring": false,
            "network_interface": [],
            "outpost_arn": "",
            "password_data": "",
            "placement_group": "",
            "placement_partition_number": null,
            "primary_network_interface_id": "eni-0822774239e87f78e",
            "private_dns": "ip-10-0-1-10.us-east-2.compute.internal",
            "private_dns_name_options": [
              {
                "enable_resource_name_dns_a_record": false,
                "enable_resource_name_dns_aaaa_record": false,
                "hostname_type": "ip-name"
              }
            ],
            "private_ip": "10.0.1.10",
            "public_dns": "ec2-3-145-155-68.us-east-2.compute.amazonaws.com",
            "public_ip": "3.145.155.68",
            "root_block_device": [
              {
                "delete_on_termination": true,
                "device_name": "/dev/sda1",
                "encrypted": false,
                "iops": 100,
                "kms_key_id": "",
                "tags": {},
                "throughput": 0,
                "volume_id": "vol-08ee12726fade956b",
                "volume_size": 8,
                "volume_type": "gp2"
              }
            ],
            "secondary_private_ips": [],
            "security_groups": [
              "sg-0c3492c304d49c28f"
            ],
            "source_dest_check": true,
            "subnet_id": "subnet-036f8f713fee5e8cc",
            "tags": {
              "Name": "shopping-bastion"
            },
            "tags_all": {
              "Name": "shopping-bastion"
            },
            "tenancy": "default",
            "timeouts": null,
            "user_data": null,
            "user_data_base64": null,
            "user_data_replace_on_change": false,
            "volume_tags": null,
            "vpc_security_group_ids": [
              "sg-0c3492c304d49c28f"
            ]
          },
          "sensitive_attributes": [],
          "private": "eyJlMmJmYjczMC1lY2FhLTExZTYtOGY4OC0zNDM2M2JjN2M0YzAiOnsiY3JlYXRlIjo2MDAwMDAwMDAwMDAsImRlbGV0ZSI6MTIwMDAwMDAwMDAwMCwidXBkYXRlIjo2MDAwMDAwMDAwMDB9LCJzY2hlbWFfdmVyc2lvbiI6IjEifQ==",
          "dependencies": [
            "module.network.aws_security_group.security_group",
            "module.network.aws_subnet.public_subnet_1",
            "module.network.aws_vpc.main"
          ]
        }
      ]
    },
    {
      "module": "module.server",
      "mode": "managed",
      "type": "aws_launch_template",
      "name": "launch_template",
      "provider": "provider[\"registry.terraform.io/hashicorp/aws\"]",
      "instances": [
        {
          "schema_version": 0,
          "attributes": {
            "arn": "arn:aws:ec2:us-east-2:247715616872:launch-template/lt-071d5c89320f1f5e7",
            "block_device_mappings": [
              {
                "device_name": "/dev/xvda",
                "ebs": [
                  {
                    "delete_on_termination": "",
                    "encrypted": "",
                    "iops": 0,
                    "kms_key_id": "",
                    "snapshot_id": "",
                    "throughput": 0,
                    "volume_size": 10,
                    "volume_type": "gp2"
                  }
                ],
                "no_device": "",
                "virtual_name": ""
              }
            ],
            "capacity_reservation_specification": [],
            "cpu_options": [],
            "credit_specification": [],
            "default_version": 1,
            "description": "",
            "disable_api_stop": false,
            "disable_api_termination": false,
            "ebs_optimized": "",
            "elastic_gpu_specifications": [],
            "elastic_inference_accelerator": [],
            "enclave_options": [],
            "hibernation_options": [],
            "iam_instance_profile": [],
            "id": "lt-071d5c89320f1f5e7",
            "image_id": "ami-00b5dbd351e651f49",
            "instance_initiated_shutdown_behavior": "",
            "instance_market_options": [],
            "instance_requirements": [],
            "instance_type": "t2.large",
            "kernel_id": "",
            "key_name": "",
            "latest_version": 1,
            "license_specification": [],
            "maintenance_options": [],
            "metadata_options": [],
            "monitoring": [],
            "name": "node",
            "name_prefix": "",
            "network_interfaces": [],
            "placement": [],
            "private_dns_name_options": [],
            "ram_disk_id": "",
            "security_group_names": null,
            "tag_specifications": [
              {
                "resource_type": "instance",
                "tags": {
                  "Name": "shopping"
                }
              }
            ],
            "tags": null,
            "tags_all": {},
            "update_default_version": null,
            "user_data": "IyEvYmluL2Jhc2gKc2V0IC1leApCNjRfQ0xVU1RFUl9DQT1MUzB0TFMxQ1JVZEpUaUJEUlZKVVNVWkpRMEZVUlMwdExTMHRDazFKU1VNdmFrTkRRV1ZoWjBGM1NVSkJaMGxDUVVSQlRrSm5hM0ZvYTJsSE9YY3dRa0ZSYzBaQlJFRldUVkpOZDBWUldVUldVVkZFUlhkd2NtUlhTbXdLWTIwMWJHUkhWbnBOUWpSWVJGUkplVTFFYTNkT2VrVTBUVlJaTVU1R2IxaEVWRTE1VFVScmQwNUVSVFJOVkZreFRrWnZkMFpVUlZSTlFrVkhRVEZWUlFwQmVFMUxZVE5XYVZwWVNuVmFXRkpzWTNwRFEwRlRTWGRFVVZsS1MyOWFTV2gyWTA1QlVVVkNRbEZCUkdkblJWQkJSRU5EUVZGdlEyZG5SVUpCUzJVeUNqbFBlRm8xTW04dlRuSmtNSFZTU3k5UlFWaFdZWGhOVkc5bGEzVldRVkl3TkRWT2JtSmlPV3BxUlZVMGFYWXlVRWhNUTBGNU1qTkxXbTlyWnpSNFNGZ0tlVGxSTmpCdGREVjJiMUk1ZHpZNGVtbFlUemQwWVZwV1pXVTRhbGRSVVdReUx6RmphVTgwUjFJdmJHbFVkbGhZTkRob1V6TnRMMHRrYURaSlRXWkpWd3BWZUc0emFqVnlabGhaU21SQ1pYTjJWSE0wWVd0Rk9XbFpUMXB2UkM4dldteFRSV1pzWW1OQk0yWkdWSGtyYTB0RGRXeE9SRU5pT1RsalVVRlZSMWswQ25aMmVGQTNaVVpSUlZwT2FtUjROM1J2YkZoUU9GQXlkMUI2Vm5WRE1qaDFRamRXVGpGWVdEUmtTMVpQYlVkclNWVmxlVEZhTnk5aVVFOWFWV2N4UmxJS2RXbFdVWFJGT0V0NE5uZDZMelF5Y21seVNGZFBTeTl3YkRsc1N6SndUM2RZV0ZaWmExa3lUbVYxZGpWaFIzUnNiSGw2VFRWRVIxcFRSSFIzY2k5RVVRcHFPWEpPYm5CYVpXSkRVMVI0Y0Rob05pczRRMEYzUlVGQllVNWFUVVpqZDBSbldVUldVakJRUVZGSUwwSkJVVVJCWjB0clRVRTRSMEV4VldSRmQwVkNDaTkzVVVaTlFVMUNRV1k0ZDBoUldVUldVakJQUWtKWlJVWlFVUzlITTFKaGJsRTRjMjFWTXpSTGJVSlFla3hyTnpkd1lrUk5RbFZIUVRGVlpFVlJVVThLVFVGNVEwTnRkREZaYlZaNVltMVdNRnBZVFhkRVVWbEtTMjlhU1doMlkwNUJVVVZNUWxGQlJHZG5SVUpCUm0wNGQwUlhaalE1ZW14V1dVbE1aRUZPUXdwV1lUWTNaME5IWlVjMmRHbDVPVlJTZW5KT2JYbzFURkpoYjJWRFVsTnFWSEZqZDNOdU1rSm5RbHB1VWtoWGRTdE1hR0UzT0VaWmJVOUVWME5GTkVOekNteFVXbHBGWlhveGNERjRaUzlZUm1wbVJVUnplSEY2U0hGUmFEbFpObGhLTkhjMU5YYzRPRFpDWm10TGEyZHdlVkk0VmxSemIwZG1Oa1paVjFKNmNWUUtOWEJNYVdoR0wyTTBlV2h3UVcxUmVuRlVVM05VV0daalpXWkpUR3RRTHpORFFpOXZjbmRJUkV3emRUSk1LMFZxTW1NMFRuTklOVXAwVml0cFoyNVZhQXB2TWpsVmMxQkNNMWhHUWt4WFdVTlJSRWQ2YzFoQlNFbExUbnBQVlVGUE56Qk1Oblp2YkdaSlkzUlhUVXR2WlhKTFprMDVVMEpDZDBKM1ZUbHpkbXBSQ25oQlMxbGhZbFJ2U3k5RlpHeEtiemhZWTBoV2FVVnRSSFJvTUdKM05uSXJTbHB6VGpOMVduTnBUMVZFYVZWTFpWWkpNUzlhT0hKdmRIaHhkVWx3U2s4S2FXOVpQUW90TFMwdExVVk9SQ0JEUlZKVVNVWkpRMEZVUlMwdExTMHRDZz09CkFQSV9TRVJWRVJfVVJMPWh0dHBzOi8vNEE0OThBMTNCNTlBOEU2Njk1MzFGNDlFM0QyQUY2OUYuc2sxLnVzLWVhc3QtMi5la3MuYW1hem9uYXdzLmNvbQpLOFNfQ0xVU1RFUl9ETlNfSVA9MTcyLjIwLjAuMTAKL2V0Yy9la3MvYm9vdHN0cmFwLnNoIHNob3BwaW5nIC0ta3ViZWxldC1leHRyYS1hcmdzICctLW5vZGUtbGFiZWxzPWVrcy5hbWF6b25hd3MuY29tL25vZGVncm91cC1pbWFnZT1hbWktMDBiNWRiZDM1MWU2NTFmNDksZWtzLmFtYXpvbmF3cy5jb20vY2FwYWNpdHlUeXBlPU9OX0RFTUFORCxla3MuYW1hem9uYXdzLmNvbS9ub2RlZ3JvdXA9c2hvcHBpbmcgLS1tYXgtcG9kcz00MCcgLS1iNjQtY2x1c3Rlci1jYSAkQjY0X0NMVVNURVJfQ0EgLS1hcGlzZXJ2ZXItZW5kcG9pbnQgJEFQSV9TRVJWRVJfVVJMIC0tZG5zLWNsdXN0ZXItaXAgJEs4U19DTFVTVEVSX0ROU19JUCAtLXVzZS1tYXgtcG9kcyB0cnVlCi0tLy8tLQ==",
            "vpc_security_group_ids": [
              "sg-0c3492c304d49c28f"
            ]
          },
          "sensitive_attributes": [],
          "private": "bnVsbA==",
          "dependencies": [
            "module.network.aws_security_group.security_group",
            "module.network.aws_subnet.public_subnet_1",
            "module.network.aws_subnet.public_subnet_2",
            "module.network.aws_vpc.main",
            "module.server.aws_eks_cluster.cluster",
            "module.server.aws_iam_role.cluster_role",
            "module.server.aws_iam_role_policy_attachment.clutser_role_attach_controller",
            "module.server.aws_iam_role_policy_attachment.clutser_role_attach_policy"
          ]
        }
      ]
    },
    {
      "module": "module.server",
      "mode": "managed",
      "type": "aws_route53_zone",
      "name": "route53",
      "provider": "provider[\"registry.terraform.io/hashicorp/aws\"]",
      "instances": [
        {
          "schema_version": 0,
          "attributes": {
            "arn": "arn:aws:route53:::hostedzone/Z006629129KPYZZ638F8Q",
            "comment": "Managed by Terraform",
            "delegation_set_id": "",
            "force_destroy": false,
            "id": "Z006629129KPYZZ638F8Q",
            "name": "azima.website",
            "name_servers": [
              "ns-1465.awsdns-55.org",
              "ns-1782.awsdns-30.co.uk",
              "ns-496.awsdns-62.com",
              "ns-884.awsdns-46.net"
            ],
            "tags": {
              "Enviroment": "shopping"
            },
            "tags_all": {
              "Enviroment": "shopping"
            },
            "vpc": [],
            "zone_id": "Z006629129KPYZZ638F8Q"
          },
          "sensitive_attributes": [],
          "private": "bnVsbA=="
        }
      ]
    }
  ]
}
